
Microsoft Visual Studio Solution File, Format Version 12.00
Project("{FAE04EC0-301F-11D3-BF4B-00C04F79EFBC}") = "MockingBird", "src\MockingBird\MockingBird.csproj", "{C745725A-4C23-493F-ADBB-B75F3C5692FE}"
EndProject
Global
	GlobalSection(SolutionConfigurationPlatforms) = preSolution
		Debug|Any CPU = Debug|Any CPU
		Release|Any CPU = Release|Any CPU
	EndGlobalSection
	GlobalSection(ProjectConfigurationPlatforms) = postSolution
		{C745725A-4C23-493F-ADBB-B75F3C5692FE}.Debug|Any CPU.ActiveCfg = Debug|Any CPU
		{C745725A-4C23-493F-ADBB-B75F3C5692FE}.Debug|Any CPU.Build.0 = Debug|Any CPU
		{C745725A-4C23-493F-ADBB-B75F3C5692FE}.Release|Any CPU.ActiveCfg = Release|Any CPU
		{C745725A-4C23-493F-ADBB-B75F3C5692FE}.Release|Any CPU.Build.0 = Release|Any CPU
	EndGlobalSection
EndGlobal
